
Microsoft Visual Studio Solution File, Format Version 12.00
# Visual Studio Version 16
VisualStudioVersion = 16.0.32106.194
MinimumVisualStudioVersion = 10.0.40219.1
Project("{FAE04EC0-301F-11D3-BF4B-00C04F79EFBC}") = "WebApplication1", "WebApplication1.csproj", "{02C574FB-088D-4E6F-8E33-FF255E24CB28}"
EndProject
Global
	GlobalSection(SolutionConfigurationPlatforms) = preSolution
		Debug|Any CPU = Debug|Any CPU
		Release|Any CPU = Release|Any CPU
	EndGlobalSection
	GlobalSection(ProjectConfigurationPlatforms) = postSolution
		{02C574FB-088D-4E6F-8E33-FF255E24CB28}.Debug|Any CPU.ActiveCfg = Debug|Any CPU
		{02C574FB-088D-4E6F-8E33-FF255E24CB28}.Debug|Any CPU.Build.0 = Debug|Any CPU
		{02C574FB-088D-4E6F-8E33-FF255E24CB28}.Release|Any CPU.ActiveCfg = Release|Any CPU
		{02C574FB-088D-4E6F-8E33-FF255E24CB28}.Release|Any CPU.Build.0 = Release|Any CPU
	EndGlobalSection
	GlobalSection(SolutionProperties) = preSolution
		HideSolutionNode = FALSE
	EndGlobalSection
	GlobalSection(ExtensibilityGlobals) = postSolution
		SolutionGuid = {7F49E824-820C-46A9-86EC-8B001EC2569B}
	EndGlobalSection
EndGlobal
